
Microsoft Visual Studio Solution File, Format Version 12.00
# Visual Studio Version 17
VisualStudioVersion = 17.3.32929.385
MinimumVisualStudioVersion = 10.0.40219.1
Project("{FAE04EC0-301F-11D3-BF4B-00C04F79EFBC}") = "MQTT.CentralServer.Api", "MQTT.CentralServer\MQTT.CentralServer.Api.csproj", "{55F7D393-A961-400D-BAD0-1C651709998B}"
EndProject
Project("{FAE04EC0-301F-11D3-BF4B-00C04F79EFBC}") = "MQTT.CentralServer.WorkerService", "MQTT.CentralServer.WorkerService\MQTT.CentralServer.WorkerService.csproj", "{728E0982-0A88-4C6B-9ABA-67B4B23ECC6D}"
EndProject
Project("{FAE04EC0-301F-11D3-BF4B-00C04F79EFBC}") = "MQTT.CentralServer.Data.Access", "MQTT.CentralServer.Data.Access\MQTT.CentralServer.Data.Access.csproj", "{98034153-C7D1-4D91-86AF-7EBACD918AF2}"
EndProject
Global
	GlobalSection(SolutionConfigurationPlatforms) = preSolution
		Debug|Any CPU = Debug|Any CPU
		Release|Any CPU = Release|Any CPU
	EndGlobalSection
	GlobalSection(ProjectConfigurationPlatforms) = postSolution
		{55F7D393-A961-400D-BAD0-1C651709998B}.Debug|Any CPU.ActiveCfg = Debug|Any CPU
		{55F7D393-A961-400D-BAD0-1C651709998B}.Debug|Any CPU.Build.0 = Debug|Any CPU
		{55F7D393-A961-400D-BAD0-1C651709998B}.Release|Any CPU.ActiveCfg = Release|Any CPU
		{55F7D393-A961-400D-BAD0-1C651709998B}.Release|Any CPU.Build.0 = Release|Any CPU
		{728E0982-0A88-4C6B-9ABA-67B4B23ECC6D}.Debug|Any CPU.ActiveCfg = Debug|Any CPU
		{728E0982-0A88-4C6B-9ABA-67B4B23ECC6D}.Debug|Any CPU.Build.0 = Debug|Any CPU
		{728E0982-0A88-4C6B-9ABA-67B4B23ECC6D}.Release|Any CPU.ActiveCfg = Release|Any CPU
		{728E0982-0A88-4C6B-9ABA-67B4B23ECC6D}.Release|Any CPU.Build.0 = Release|Any CPU
		{98034153-C7D1-4D91-86AF-7EBACD918AF2}.Debug|Any CPU.ActiveCfg = Debug|Any CPU
		{98034153-C7D1-4D91-86AF-7EBACD918AF2}.Debug|Any CPU.Build.0 = Debug|Any CPU
		{98034153-C7D1-4D91-86AF-7EBACD918AF2}.Release|Any CPU.ActiveCfg = Release|Any CPU
		{98034153-C7D1-4D91-86AF-7EBACD918AF2}.Release|Any CPU.Build.0 = Release|Any CPU
	EndGlobalSection
	GlobalSection(SolutionProperties) = preSolution
		HideSolutionNode = FALSE
	EndGlobalSection
	GlobalSection(ExtensibilityGlobals) = postSolution
		SolutionGuid = {30F1740F-0F15-4444-A271-0E5C087AAC45}
	EndGlobalSection
EndGlobal
